
Microsoft Visual Studio Solution File, Format Version 12.00
# Visual Studio Version 17
VisualStudioVersion = 17.14.36310.24
MinimumVisualStudioVersion = 10.0.40219.1
Project("{FAE04EC0-301F-11D3-BF4B-00C04F79EFBC}") = "Task1", "Task1\Task1.csproj", "{6BE2B05F-39C8-4B1C-888B-C716213ACBAC}"
EndProject
Project("{FAE04EC0-301F-11D3-BF4B-00C04F79EFBC}") = "Task2", "Task2\Task2.csproj", "{A8949869-16AA-4E74-97A1-AA6976CE2F04}"
EndProject
Project("{FAE04EC0-301F-11D3-BF4B-00C04F79EFBC}") = "Task3", "Task3\Task3.csproj", "{5D77CEAF-B335-4CA9-A4A2-B10770A07E11}"
EndProject
Global
	GlobalSection(SolutionConfigurationPlatforms) = preSolution
		Debug|Any CPU = Debug|Any CPU
		Release|Any CPU = Release|Any CPU
	EndGlobalSection
	GlobalSection(ProjectConfigurationPlatforms) = postSolution
		{6BE2B05F-39C8-4B1C-888B-C716213ACBAC}.Debug|Any CPU.ActiveCfg = Debug|Any CPU
		{6BE2B05F-39C8-4B1C-888B-C716213ACBAC}.Debug|Any CPU.Build.0 = Debug|Any CPU
		{6BE2B05F-39C8-4B1C-888B-C716213ACBAC}.Release|Any CPU.ActiveCfg = Release|Any CPU
		{6BE2B05F-39C8-4B1C-888B-C716213ACBAC}.Release|Any CPU.Build.0 = Release|Any CPU
		{A8949869-16AA-4E74-97A1-AA6976CE2F04}.Debug|Any CPU.ActiveCfg = Debug|Any CPU
		{A8949869-16AA-4E74-97A1-AA6976CE2F04}.Debug|Any CPU.Build.0 = Debug|Any CPU
		{A8949869-16AA-4E74-97A1-AA6976CE2F04}.Release|Any CPU.ActiveCfg = Release|Any CPU
		{A8949869-16AA-4E74-97A1-AA6976CE2F04}.Release|Any CPU.Build.0 = Release|Any CPU
		{5D77CEAF-B335-4CA9-A4A2-B10770A07E11}.Debug|Any CPU.ActiveCfg = Debug|Any CPU
		{5D77CEAF-B335-4CA9-A4A2-B10770A07E11}.Debug|Any CPU.Build.0 = Debug|Any CPU
		{5D77CEAF-B335-4CA9-A4A2-B10770A07E11}.Release|Any CPU.ActiveCfg = Release|Any CPU
		{5D77CEAF-B335-4CA9-A4A2-B10770A07E11}.Release|Any CPU.Build.0 = Release|Any CPU
	EndGlobalSection
	GlobalSection(SolutionProperties) = preSolution
		HideSolutionNode = FALSE
	EndGlobalSection
	GlobalSection(ExtensibilityGlobals) = postSolution
		SolutionGuid = {302F0CCD-AE6B-4BAC-B55E-DA92D3E15AB0}
	EndGlobalSection
EndGlobal
